// !$*UTF8*$!
{
	archiveVersion = 1;
	classes = {
	};
	objectVersion = 55;
	objects = {

/* Begin PBXBuildFile section */
		7548E55027E1CE980070AE76 /* wheatherData.swift in Sources */ = {isa = PBXBuildFile; fileRef = 7548E54F27E1CE980070AE76 /* wheatherData.swift */; };
		754F6D1627E064B200F2F316 /* HowAboutTodayApp.swift in Sources */ = {isa = PBXBuildFile; fileRef = 754F6D1527E064B200F2F316 /* HowAboutTodayApp.swift */; };
		754F6D1827E064B200F2F316 /* ContentView.swift in Sources */ = {isa = PBXBuildFile; fileRef = 754F6D1727E064B200F2F316 /* ContentView.swift */; };
		754F6D1A27E064B300F2F316 /* Assets.xcassets in Resources */ = {isa = PBXBuildFile; fileRef = 754F6D1927E064B300F2F316 /* Assets.xcassets */; };
		754F6D1D27E064B300F2F316 /* Preview Assets.xcassets in Resources */ = {isa = PBXBuildFile; fileRef = 754F6D1C27E064B300F2F316 /* Preview Assets.xcassets */; };
		754F6D2727E064B300F2F316 /* HowAboutTodayTests.swift in Sources */ = {isa = PBXBuildFile; fileRef = 754F6D2627E064B300F2F316 /* HowAboutTodayTests.swift */; };
		754F6D3127E064B300F2F316 /* HowAboutTodayUITests.swift in Sources */ = {isa = PBXBuildFile; fileRef = 754F6D3027E064B300F2F316 /* HowAboutTodayUITests.swift */; };
		754F6D3327E064B300F2F316 /* HowAboutTodayUITestsLaunchTests.swift in Sources */ = {isa = PBXBuildFile; fileRef = 754F6D3227E064B300F2F316 /* HowAboutTodayUITestsLaunchTests.swift */; };
		754F6D4427E06F3700F2F316 /* WheatherApi.swift in Sources */ = {isa = PBXBuildFile; fileRef = 754F6D4327E06F3700F2F316 /* WheatherApi.swift */; };
		754F6D4627E07EF800F2F316 /* wheatherInput.swift in Sources */ = {isa = PBXBuildFile; fileRef = 754F6D4527E07EF800F2F316 /* wheatherInput.swift */; };
		754F6D4827E1AC8700F2F316 /* WheatherInfo.swift in Sources */ = {isa = PBXBuildFile; fileRef = 754F6D4727E1AC8700F2F316 /* WheatherInfo.swift */; };
/* End PBXBuildFile section */

/* Begin PBXContainerItemProxy section */
		754F6D2327E064B300F2F316 /* PBXContainerItemProxy */ = {
			isa = PBXContainerItemProxy;
			containerPortal = 754F6D0A27E064B200F2F316 /* Project object */;
			proxyType = 1;
			remoteGlobalIDString = 754F6D1127E064B200F2F316;
			remoteInfo = HowAboutToday;
		};
		754F6D2D27E064B300F2F316 /* PBXContainerItemProxy */ = {
			isa = PBXContainerItemProxy;
			containerPortal = 754F6D0A27E064B200F2F316 /* Project object */;
			proxyType = 1;
			remoteGlobalIDString = 754F6D1127E064B200F2F316;
			remoteInfo = HowAboutToday;
		};
/* End PBXContainerItemProxy section */

/* Begin PBXFileReference section */
		7548E54F27E1CE980070AE76 /* wheatherData.swift */ = {isa = PBXFileReference; lastKnownFileType = sourcecode.swift; path = wheatherData.swift; sourceTree = "<group>"; };
		754F6D1227E064B200F2F316 /* HowAboutToday.app */ = {isa = PBXFileReference; explicitFileType = wrapper.application; includeInIndex = 0; path = HowAboutToday.app; sourceTree = BUILT_PRODUCTS_DIR; };
		754F6D1527E064B200F2F316 /* HowAboutTodayApp.swift */ = {isa = PBXFileReference; lastKnownFileType = sourcecode.swift; path = HowAboutTodayApp.swift; sourceTree = "<group>"; };
		754F6D1727E064B200F2F316 /* ContentView.swift */ = {isa = PBXFileReference; lastKnownFileType = sourcecode.swift; path = ContentView.swift; sourceTree = "<group>"; };
		754F6D1927E064B300F2F316 /* Assets.xcassets */ = {isa = PBXFileReference; lastKnownFileType = folder.assetcatalog; path = Assets.xcassets; sourceTree = "<group>"; };
		754F6D1C27E064B300F2F316 /* Preview Assets.xcassets */ = {isa = PBXFileReference; lastKnownFileType = folder.assetcatalog; path = "Preview Assets.xcassets"; sourceTree = "<group>"; };
		754F6D2227E064B300F2F316 /* HowAboutTodayTests.xctest */ = {isa = PBXFileReference; explicitFileType = wrapper.cfbundle; includeInIndex = 0; path = HowAboutTodayTests.xctest; sourceTree = BUILT_PRODUCTS_DIR; };
		754F6D2627E064B300F2F316 /* HowAboutTodayTests.swift */ = {isa = PBXFileReference; lastKnownFileType = sourcecode.swift; path = HowAboutTodayTests.swift; sourceTree = "<group>"; };
		754F6D2C27E064B300F2F316 /* HowAboutTodayUITests.xctest */ = {isa = PBXFileReference; explicitFileType = wrapper.cfbundle; includeInIndex = 0; path = HowAboutTodayUITests.xctest; sourceTree = BUILT_PRODUCTS_DIR; };
		754F6D3027E064B300F2F316 /* HowAboutTodayUITests.swift */ = {isa = PBXFileReference; lastKnownFileType = sourcecode.swift; path = HowAboutTodayUITests.swift; sourceTree = "<group>"; };
		754F6D3227E064B300F2F316 /* HowAboutTodayUITestsLaunchTests.swift */ = {isa = PBXFileReference; lastKnownFileType = sourcecode.swift; path = HowAboutTodayUITestsLaunchTests.swift; sourceTree = "<group>"; };
		754F6D4327E06F3700F2F316 /* WheatherApi.swift */ = {isa = PBXFileReference; lastKnownFileType = sourcecode.swift; path = WheatherApi.swift; sourceTree = "<group>"; };
		754F6D4527E07EF800F2F316 /* wheatherInput.swift */ = {isa = PBXFileReference; lastKnownFileType = sourcecode.swift; path = wheatherInput.swift; sourceTree = "<group>"; };
		754F6D4727E1AC8700F2F316 /* WheatherInfo.swift */ = {isa = PBXFileReference; lastKnownFileType = sourcecode.swift; path = WheatherInfo.swift; sourceTree = "<group>"; };
/* End PBXFileReference section */

/* Begin PBXFrameworksBuildPhase section */
		754F6D0F27E064B200F2F316 /* Frameworks */ = {
			isa = PBXFrameworksBuildPhase;
			buildActionMask = 2147483647;
			files = (
			);
			runOnlyForDeploymentPostprocessing = 0;
		};
		754F6D1F27E064B300F2F316 /* Frameworks */ = {
			isa = PBXFrameworksBuildPhase;
			buildActionMask = 2147483647;
			files = (
			);
			runOnlyForDeploymentPostprocessing = 0;
		};
		754F6D2927E064B300F2F316 /* Frameworks */ = {
			isa = PBXFrameworksBuildPhase;
			buildActionMask = 2147483647;
			files = (
			);
			runOnlyForDeploymentPostprocessing = 0;
		};
/* End PBXFrameworksBuildPhase section */

/* Begin PBXGroup section */
		754F6D0927E064B200F2F316 = {
			isa = PBXGroup;
			children = (
				754F6D1427E064B200F2F316 /* HowAboutToday */,
				754F6D2527E064B300F2F316 /* HowAboutTodayTests */,
				754F6D2F27E064B300F2F316 /* HowAboutTodayUITests */,
				754F6D1327E064B200F2F316 /* Products */,
			);
			sourceTree = "<group>";
		};
		754F6D1327E064B200F2F316 /* Products */ = {
			isa = PBXGroup;
			children = (
				754F6D1227E064B200F2F316 /* HowAboutToday.app */,
				754F6D2227E064B300F2F316 /* HowAboutTodayTests.xctest */,
				754F6D2C27E064B300F2F316 /* HowAboutTodayUITests.xctest */,
			);
			name = Products;
			sourceTree = "<group>";
		};
		754F6D1427E064B200F2F316 /* HowAboutToday */ = {
			isa = PBXGroup;
			children = (
				754F6D4227E064E500F2F316 /* ThirdParty */,
				754F6D4127E064CB00F2F316 /* Model */,
				754F6D4027E064C700F2F316 /* VIewModel */,
				754F6D3F27E064B900F2F316 /* VIew */,
				754F6D1527E064B200F2F316 /* HowAboutTodayApp.swift */,
				754F6D1927E064B300F2F316 /* Assets.xcassets */,
				754F6D1B27E064B300F2F316 /* Preview Content */,
			);
			path = HowAboutToday;
			sourceTree = "<group>";
		};
		754F6D1B27E064B300F2F316 /* Preview Content */ = {
			isa = PBXGroup;
			children = (
				754F6D1C27E064B300F2F316 /* Preview Assets.xcassets */,
			);
			path = "Preview Content";
			sourceTree = "<group>";
		};
		754F6D2527E064B300F2F316 /* HowAboutTodayTests */ = {
			isa = PBXGroup;
			children = (
				754F6D2627E064B300F2F316 /* HowAboutTodayTests.swift */,
			);
			path = HowAboutTodayTests;
			sourceTree = "<group>";
		};
		754F6D2F27E064B300F2F316 /* HowAboutTodayUITests */ = {
			isa = PBXGroup;
			children = (
				754F6D3027E064B300F2F316 /* HowAboutTodayUITests.swift */,
				754F6D3227E064B300F2F316 /* HowAboutTodayUITestsLaunchTests.swift */,
			);
			path = HowAboutTodayUITests;
			sourceTree = "<group>";
		};
		754F6D3F27E064B900F2F316 /* VIew */ = {
			isa = PBXGroup;
			children = (
				754F6D1727E064B200F2F316 /* ContentView.swift */,
			);
			path = VIew;
			sourceTree = "<group>";
		};
		754F6D4027E064C700F2F316 /* VIewModel */ = {
			isa = PBXGroup;
			children = (
				754F6D4527E07EF800F2F316 /* wheatherInput.swift */,
			);
			path = VIewModel;
			sourceTree = "<group>";
		};
		754F6D4127E064CB00F2F316 /* Model */ = {
			isa = PBXGroup;
			children = (
				754F6D4327E06F3700F2F316 /* WheatherApi.swift */,
				754F6D4727E1AC8700F2F316 /* WheatherInfo.swift */,
				7548E54F27E1CE980070AE76 /* wheatherData.swift */,
			);
			path = Model;
			sourceTree = "<group>";
		};
		754F6D4227E064E500F2F316 /* ThirdParty */ = {
			isa = PBXGroup;
			children = (
			);
			path = ThirdParty;
			sourceTree = "<group>";
		};
/* End PBXGroup section */

/* Begin PBXNativeTarget section */
		754F6D1127E064B200F2F316 /* HowAboutToday */ = {
			isa = PBXNativeTarget;
			buildConfigurationList = 754F6D3627E064B300F2F316 /* Build configuration list for PBXNativeTarget "HowAboutToday" */;
			buildPhases = (
				754F6D0E27E064B200F2F316 /* Sources */,
				754F6D0F27E064B200F2F316 /* Frameworks */,
				754F6D1027E064B200F2F316 /* Resources */,
			);
			buildRules = (
			);
			dependencies = (
			);
			name = HowAboutToday;
			productName = HowAboutToday;
			productReference = 754F6D1227E064B200F2F316 /* HowAboutToday.app */;
			productType = "com.apple.product-type.application";
		};
		754F6D2127E064B300F2F316 /* HowAboutTodayTests */ = {
			isa = PBXNativeTarget;
			buildConfigurationList = 754F6D3927E064B300F2F316 /* Build configuration list for PBXNativeTarget "HowAboutTodayTests" */;
			buildPhases = (
				754F6D1E27E064B300F2F316 /* Sources */,
				754F6D1F27E064B300F2F316 /* Frameworks */,
				754F6D2027E064B300F2F316 /* Resources */,
			);
			buildRules = (
			);
			dependencies = (
				754F6D2427E064B300F2F316 /* PBXTargetDependency */,
			);
			name = HowAboutTodayTests;
			productName = HowAboutTodayTests;
			productReference = 754F6D2227E064B300F2F316 /* HowAboutTodayTests.xctest */;
			productType = "com.apple.product-type.bundle.unit-test";
		};
		754F6D2B27E064B300F2F316 /* HowAboutTodayUITests */ = {
			isa = PBXNativeTarget;
			buildConfigurationList = 754F6D3C27E064B300F2F316 /* Build configuration list for PBXNativeTarget "HowAboutTodayUITests" */;
			buildPhases = (
				754F6D2827E064B300F2F316 /* Sources */,
				754F6D2927E064B300F2F316 /* Frameworks */,
				754F6D2A27E064B300F2F316 /* Resources */,
			);
			buildRules = (
			);
			dependencies = (
				754F6D2E27E064B300F2F316 /* PBXTargetDependency */,
			);
			name = HowAboutTodayUITests;
			productName = HowAboutTodayUITests;
			productReference = 754F6D2C27E064B300F2F316 /* HowAboutTodayUITests.xctest */;
			productType = "com.apple.product-type.bundle.ui-testing";
		};
/* End PBXNativeTarget section */

/* Begin PBXProject section */
		754F6D0A27E064B200F2F316 /* Project object */ = {
			isa = PBXProject;
			attributes = {
				BuildIndependentTargetsInParallel = 1;
				LastSwiftUpdateCheck = 1320;
				LastUpgradeCheck = 1320;
				TargetAttributes = {
					754F6D1127E064B200F2F316 = {
						CreatedOnToolsVersion = 13.2.1;
					};
					754F6D2127E064B300F2F316 = {
						CreatedOnToolsVersion = 13.2.1;
						TestTargetID = 754F6D1127E064B200F2F316;
					};
					754F6D2B27E064B300F2F316 = {
						CreatedOnToolsVersion = 13.2.1;
						TestTargetID = 754F6D1127E064B200F2F316;
					};
				};
			};
			buildConfigurationList = 754F6D0D27E064B200F2F316 /* Build configuration list for PBXProject "HowAboutToday" */;
			compatibilityVersion = "Xcode 13.0";
			developmentRegion = en;
			hasScannedForEncodings = 0;
			knownRegions = (
				en,
				Base,
			);
			mainGroup = 754F6D0927E064B200F2F316;
			productRefGroup = 754F6D1327E064B200F2F316 /* Products */;
			projectDirPath = "";
			projectRoot = "";
			targets = (
				754F6D1127E064B200F2F316 /* HowAboutToday */,
				754F6D2127E064B300F2F316 /* HowAboutTodayTests */,
				754F6D2B27E064B300F2F316 /* HowAboutTodayUITests */,
			);
		};
/* End PBXProject section */

/* Begin PBXResourcesBuildPhase section */
		754F6D1027E064B200F2F316 /* Resources */ = {
			isa = PBXResourcesBuildPhase;
			buildActionMask = 2147483647;
			files = (
				754F6D1D27E064B300F2F316 /* Preview Assets.xcassets in Resources */,
				754F6D1A27E064B300F2F316 /* Assets.xcassets in Resources */,
			);
			runOnlyForDeploymentPostprocessing = 0;
		};
		754F6D2027E064B300F2F316 /* Resources */ = {
			isa = PBXResourcesBuildPhase;
			buildActionMask = 2147483647;
			files = (
			);
			runOnlyForDeploymentPostprocessing = 0;
		};
		754F6D2A27E064B300F2F316 /* Resources */ = {
			isa = PBXResourcesBuildPhase;
			buildActionMask = 2147483647;
			files = (
			);
			runOnlyForDeploymentPostprocessing = 0;
		};
/* End PBXResourcesBuildPhase section */

/* Begin PBXSourcesBuildPhase section */
		754F6D0E27E064B200F2F316 /* Sources */ = {
			isa = PBXSourcesBuildPhase;
			buildActionMask = 2147483647;
			files = (
				754F6D4427E06F3700F2F316 /* WheatherApi.swift in Sources */,
				754F6D1827E064B200F2F316 /* ContentView.swift in Sources */,
				754F6D4627E07EF800F2F316 /* wheatherInput.swift in Sources */,
				754F6D4827E1AC8700F2F316 /* WheatherInfo.swift in Sources */,
				754F6D1627E064B200F2F316 /* HowAboutTodayApp.swift in Sources */,
				7548E55027E1CE980070AE76 /* wheatherData.swift in Sources */,
			);
			runOnlyForDeploymentPostprocessing = 0;
		};
		754F6D1E27E064B300F2F316 /* Sources */ = {
			isa = PBXSourcesBuildPhase;
			buildActionMask = 2147483647;
			files = (
				754F6D2727E064B300F2F316 /* HowAboutTodayTests.swift in Sources */,
			);
			runOnlyForDeploymentPostprocessing = 0;
		};
		754F6D2827E064B300F2F316 /* Sources */ = {
			isa = PBXSourcesBuildPhase;
			buildActionMask = 2147483647;
			files = (
				754F6D3127E064B300F2F316 /* HowAboutTodayUITests.swift in Sources */,
				754F6D3327E064B300F2F316 /* HowAboutTodayUITestsLaunchTests.swift in Sources */,
			);
			runOnlyForDeploymentPostprocessing = 0;
		};
/* End PBXSourcesBuildPhase section */

/* Begin PBXTargetDependency section */
		754F6D2427E064B300F2F316 /* PBXTargetDependency */ = {
			isa = PBXTargetDependency;
			target = 754F6D1127E064B200F2F316 /* HowAboutToday */;
			targetProxy = 754F6D2327E064B300F2F316 /* PBXContainerItemProxy */;
		};
		754F6D2E27E064B300F2F316 /* PBXTargetDependency */ = {
			isa = PBXTargetDependency;
			target = 754F6D1127E064B200F2F316 /* HowAboutToday */;
			targetProxy = 754F6D2D27E064B300F2F316 /* PBXContainerItemProxy */;
		};
/* End PBXTargetDependency section */

/* Begin XCBuildConfiguration section */
		754F6D3427E064B300F2F316 /* Debug */ = {
			isa = XCBuildConfiguration;
			buildSettings = {
				ALWAYS_SEARCH_USER_PATHS = NO;
				CLANG_ANALYZER_NONNULL = YES;
				CLANG_ANALYZER_NUMBER_OBJECT_CONVERSION = YES_AGGRESSIVE;
				CLANG_CXX_LANGUAGE_STANDARD = "gnu++17";
				CLANG_CXX_LIBRARY = "libc++";
				CLANG_ENABLE_MODULES = YES;
				CLANG_ENABLE_OBJC_ARC = YES;
				CLANG_ENABLE_OBJC_WEAK = YES;
				CLANG_WARN_BLOCK_CAPTURE_AUTORELEASING = YES;
				CLANG_WARN_BOOL_CONVERSION = YES;
				CLANG_WARN_COMMA = YES;
				CLANG_WARN_CONSTANT_CONVERSION = YES;
				CLANG_WARN_DEPRECATED_OBJC_IMPLEMENTATIONS = YES;
				CLANG_WARN_DIRECT_OBJC_ISA_USAGE = YES_ERROR;
				CLANG_WARN_DOCUMENTATION_COMMENTS = YES;
				CLANG_WARN_EMPTY_BODY = YES;
				CLANG_WARN_ENUM_CONVERSION = YES;
				CLANG_WARN_INFINITE_RECURSION = YES;
				CLANG_WARN_INT_CONVERSION = YES;
				CLANG_WARN_NON_LITERAL_NULL_CONVERSION = YES;
				CLANG_WARN_OBJC_IMPLICIT_RETAIN_SELF = YES;
				CLANG_WARN_OBJC_LITERAL_CONVERSION = YES;
				CLANG_WARN_OBJC_ROOT_CLASS = YES_ERROR;
				CLANG_WARN_QUOTED_INCLUDE_IN_FRAMEWORK_HEADER = YES;
				CLANG_WARN_RANGE_LOOP_ANALYSIS = YES;
				CLANG_WARN_STRICT_PROTOTYPES = YES;
				CLANG_WARN_SUSPICIOUS_MOVE = YES;
				CLANG_WARN_UNGUARDED_AVAILABILITY = YES_AGGRESSIVE;
				CLANG_WARN_UNREACHABLE_CODE = YES;
				CLANG_WARN__DUPLICATE_METHOD_MATCH = YES;
				COPY_PHASE_STRIP = NO;
				DEBUG_INFORMATION_FORMAT = dwarf;
				ENABLE_STRICT_OBJC_MSGSEND = YES;
				ENABLE_TESTABILITY = YES;
				GCC_C_LANGUAGE_STANDARD = gnu11;
				GCC_DYNAMIC_NO_PIC = NO;
				GCC_NO_COMMON_BLOCKS = YES;
				GCC_OPTIMIZATION_LEVEL = 0;
				GCC_PREPROCESSOR_DEFINITIONS = (
					"DEBUG=1",
					"$(inherited)",
				);
				GCC_WARN_64_TO_32_BIT_CONVERSION = YES;
				GCC_WARN_ABOUT_RETURN_TYPE = YES_ERROR;
				GCC_WARN_UNDECLARED_SELECTOR = YES;
				GCC_WARN_UNINITIALIZED_AUTOS = YES_AGGRESSIVE;
				GCC_WARN_UNUSED_FUNCTION = YES;
				GCC_WARN_UNUSED_VARIABLE = YES;
				IPHONEOS_DEPLOYMENT_TARGET = 15.2;
				MTL_ENABLE_DEBUG_INFO = INCLUDE_SOURCE;
				MTL_FAST_MATH = YES;
				ONLY_ACTIVE_ARCH = YES;
				SDKROOT = iphoneos;
				SWIFT_ACTIVE_COMPILATION_CONDITIONS = DEBUG;
				SWIFT_OPTIMIZATION_LEVEL = "-Onone";
			};
			name = Debug;
		};
		754F6D3527E064B300F2F316 /* Release */ = {
			isa = XCBuildConfiguration;
			buildSettings = {
				ALWAYS_SEARCH_USER_PATHS = NO;
				CLANG_ANALYZER_NONNULL = YES;
				CLANG_ANALYZER_NUMBER_OBJECT_CONVERSION = YES_AGGRESSIVE;
				CLANG_CXX_LANGUAGE_STANDARD = "gnu++17";
				CLANG_CXX_LIBRARY = "libc++";
				CLANG_ENABLE_MODULES = YES;
				CLANG_ENABLE_OBJC_ARC = YES;
				CLANG_ENABLE_OBJC_WEAK = YES;
				CLANG_WARN_BLOCK_CAPTURE_AUTORELEASING = YES;
				CLANG_WARN_BOOL_CONVERSION = YES;
				CLANG_WARN_COMMA = YES;
				CLANG_WARN_CONSTANT_CONVERSION = YES;
				CLANG_WARN_DEPRECATED_OBJC_IMPLEMENTATIONS = YES;
				CLANG_WARN_DIRECT_OBJC_ISA_USAGE = YES_ERROR;
				CLANG_WARN_DOCUMENTATION_COMMENTS = YES;
				CLANG_WARN_EMPTY_BODY = YES;
				CLANG_WARN_ENUM_CONVERSION = YES;
				CLANG_WARN_INFINITE_RECURSION = YES;
				CLANG_WARN_INT_CONVERSION = YES;
				CLANG_WARN_NON_LITERAL_NULL_CONVERSION = YES;
				CLANG_WARN_OBJC_IMPLICIT_RETAIN_SELF = YES;
				CLANG_WARN_OBJC_LITERAL_CONVERSION = YES;
				CLANG_WARN_OBJC_ROOT_CLASS = YES_ERROR;
				CLANG_WARN_QUOTED_INCLUDE_IN_FRAMEWORK_HEADER = YES;
				CLANG_WARN_RANGE_LOOP_ANALYSIS = YES;
				CLANG_WARN_STRICT_PROTOTYPES = YES;
				CLANG_WARN_SUSPICIOUS_MOVE = YES;
				CLANG_WARN_UNGUARDED_AVAILABILITY = YES_AGGRESSIVE;
				CLANG_WARN_UNREACHABLE_CODE = YES;
				CLANG_WARN__DUPLICATE_METHOD_MATCH = YES;
				COPY_PHASE_STRIP = NO;
				DEBUG_INFORMATION_FORMAT = "dwarf-with-dsym";
				ENABLE_NS_ASSERTIONS = NO;
				ENABLE_STRICT_OBJC_MSGSEND = YES;
				GCC_C_LANGUAGE_STANDARD = gnu11;
				GCC_NO_COMMON_BLOCKS = YES;
				GCC_WARN_64_TO_32_BIT_CONVERSION = YES;
				GCC_WARN_ABOUT_RETURN_TYPE = YES_ERROR;
				GCC_WARN_UNDECLARED_SELECTOR = YES;
				GCC_WARN_UNINITIALIZED_AUTOS = YES_AGGRESSIVE;
				GCC_WARN_UNUSED_FUNCTION = YES;
				GCC_WARN_UNUSED_VARIABLE = YES;
				IPHONEOS_DEPLOYMENT_TARGET = 15.2;
				MTL_ENABLE_DEBUG_INFO = NO;
				MTL_FAST_MATH = YES;
				SDKROOT = iphoneos;
				SWIFT_COMPILATION_MODE = wholemodule;
				SWIFT_OPTIMIZATION_LEVEL = "-O";
				VALIDATE_PRODUCT = YES;
			};
			name = Release;
		};
		754F6D3727E064B300F2F316 /* Debug */ = {
			isa = XCBuildConfiguration;
			buildSettings = {
				ASSETCATALOG_COMPILER_APPICON_NAME = AppIcon;
				ASSETCATALOG_COMPILER_GLOBAL_ACCENT_COLOR_NAME = AccentColor;
				CODE_SIGN_STYLE = Automatic;
				CURRENT_PROJECT_VERSION = 1;
				DEVELOPMENT_ASSET_PATHS = "\"HowAboutToday/Preview Content\"";
				DEVELOPMENT_TEAM = 7N2TRX73U6;
				ENABLE_PREVIEWS = YES;
				GENERATE_INFOPLIST_FILE = YES;
				INFOPLIST_KEY_UIApplicationSceneManifest_Generation = YES;
				INFOPLIST_KEY_UIApplicationSupportsIndirectInputEvents = YES;
				INFOPLIST_KEY_UILaunchScreen_Generation = YES;
				INFOPLIST_KEY_UISupportedInterfaceOrientations_iPad = "UIInterfaceOrientationPortrait UIInterfaceOrientationPortraitUpsideDown UIInterfaceOrientationLandscapeLeft UIInterfaceOrientationLandscapeRight";
				INFOPLIST_KEY_UISupportedInterfaceOrientations_iPhone = "UIInterfaceOrientationPortrait UIInterfaceOrientationLandscapeLeft UIInterfaceOrientationLandscapeRight";
				LD_RUNPATH_SEARCH_PATHS = (
					"$(inherited)",
					"@executable_path/Frameworks",
				);
				MARKETING_VERSION = 1.0;
				PRODUCT_BUNDLE_IDENTIFIER = com.calmkeen.HowAboutToday;
				PRODUCT_NAME = "$(TARGET_NAME)";
				SWIFT_EMIT_LOC_STRINGS = YES;
				SWIFT_VERSION = 5.0;
				TARGETED_DEVICE_FAMILY = "1,2";
			};
			name = Debug;
		};
		754F6D3827E064B300F2F316 /* Release */ = {
			isa = XCBuildConfiguration;
			buildSettings = {
				ASSETCATALOG_COMPILER_APPICON_NAME = AppIcon;
				ASSETCATALOG_COMPILER_GLOBAL_ACCENT_COLOR_NAME = AccentColor;
				CODE_SIGN_STYLE = Automatic;
				CURRENT_PROJECT_VERSION = 1;
				DEVELOPMENT_ASSET_PATHS = "\"HowAboutToday/Preview Content\"";
				DEVELOPMENT_TEAM = 7N2TRX73U6;
				ENABLE_PREVIEWS = YES;
				GENERATE_INFOPLIST_FILE = YES;
				INFOPLIST_KEY_UIApplicationSceneManifest_Generation = YES;
				INFOPLIST_KEY_UIApplicationSupportsIndirectInputEvents = YES;
				INFOPLIST_KEY_UILaunchScreen_Generation = YES;
				INFOPLIST_KEY_UISupportedInterfaceOrientations_iPad = "UIInterfaceOrientationPortrait UIInterfaceOrientationPortraitUpsideDown UIInterfaceOrientationLandscapeLeft UIInterfaceOrientationLandscapeRight";
				INFOPLIST_KEY_UISupportedInterfaceOrientations_iPhone = "UIInterfaceOrientationPortrait UIInterfaceOrientationLandscapeLeft UIInterfaceOrientationLandscapeRight";
				LD_RUNPATH_SEARCH_PATHS = (
					"$(inherited)",
					"@executable_path/Frameworks",
				);
				MARKETING_VERSION = 1.0;
				PRODUCT_BUNDLE_IDENTIFIER = com.calmkeen.HowAboutToday;
				PRODUCT_NAME = "$(TARGET_NAME)";
				SWIFT_EMIT_LOC_STRINGS = YES;
				SWIFT_VERSION = 5.0;
				TARGETED_DEVICE_FAMILY = "1,2";
			};
			name = Release;
		};
		754F6D3A27E064B300F2F316 /* Debug */ = {
			isa = XCBuildConfiguration;
			buildSettings = {
				ALWAYS_EMBED_SWIFT_STANDARD_LIBRARIES = YES;
				BUNDLE_LOADER = "$(TEST_HOST)";
				CODE_SIGN_STYLE = Automatic;
				CURRENT_PROJECT_VERSION = 1;
				DEVELOPMENT_TEAM = 7N2TRX73U6;
				GENERATE_INFOPLIST_FILE = YES;
				IPHONEOS_DEPLOYMENT_TARGET = 15.2;
				MARKETING_VERSION = 1.0;
				PRODUCT_BUNDLE_IDENTIFIER = com.calmkeen.HowAboutTodayTests;
				PRODUCT_NAME = "$(TARGET_NAME)";
				SWIFT_EMIT_LOC_STRINGS = NO;
				SWIFT_VERSION = 5.0;
				TARGETED_DEVICE_FAMILY = "1,2";
				TEST_HOST = "$(BUILT_PRODUCTS_DIR)/HowAboutToday.app/HowAboutToday";
			};
			name = Debug;
		};
		754F6D3B27E064B300F2F316 /* Release */ = {
			isa = XCBuildConfiguration;
			buildSettings = {
				ALWAYS_EMBED_SWIFT_STANDARD_LIBRARIES = YES;
				BUNDLE_LOADER = "$(TEST_HOST)";
				CODE_SIGN_STYLE = Automatic;
				CURRENT_PROJECT_VERSION = 1;
				DEVELOPMENT_TEAM = 7N2TRX73U6;
				GENERATE_INFOPLIST_FILE = YES;
				IPHONEOS_DEPLOYMENT_TARGET = 15.2;
				MARKETING_VERSION = 1.0;
				PRODUCT_BUNDLE_IDENTIFIER = com.calmkeen.HowAboutTodayTests;
				PRODUCT_NAME = "$(TARGET_NAME)";
				SWIFT_EMIT_LOC_STRINGS = NO;
				SWIFT_VERSION = 5.0;
				TARGETED_DEVICE_FAMILY = "1,2";
				TEST_HOST = "$(BUILT_PRODUCTS_DIR)/HowAboutToday.app/HowAboutToday";
			};
			name = Release;
		};
		754F6D3D27E064B300F2F316 /* Debug */ = {
			isa = XCBuildConfiguration;
			buildSettings = {
				ALWAYS_EMBED_SWIFT_STANDARD_LIBRARIES = YES;
				CODE_SIGN_STYLE = Automatic;
				CURRENT_PROJECT_VERSION = 1;
				DEVELOPMENT_TEAM = 7N2TRX73U6;
				GENERATE_INFOPLIST_FILE = YES;
				MARKETING_VERSION = 1.0;
				PRODUCT_BUNDLE_IDENTIFIER = com.calmkeen.HowAboutTodayUITests;
				PRODUCT_NAME = "$(TARGET_NAME)";
				SWIFT_EMIT_LOC_STRINGS = NO;
				SWIFT_VERSION = 5.0;
				TARGETED_DEVICE_FAMILY = "1,2";
				TEST_TARGET_NAME = HowAboutToday;
			};
			name = Debug;
		};
		754F6D3E27E064B300F2F316 /* Release */ = {
			isa = XCBuildConfiguration;
			buildSettings = {
				ALWAYS_EMBED_SWIFT_STANDARD_LIBRARIES = YES;
				CODE_SIGN_STYLE = Automatic;
				CURRENT_PROJECT_VERSION = 1;
				DEVELOPMENT_TEAM = 7N2TRX73U6;
				GENERATE_INFOPLIST_FILE = YES;
				MARKETING_VERSION = 1.0;
				PRODUCT_BUNDLE_IDENTIFIER = com.calmkeen.HowAboutTodayUITests;
				PRODUCT_NAME = "$(TARGET_NAME)";
				SWIFT_EMIT_LOC_STRINGS = NO;
				SWIFT_VERSION = 5.0;
				TARGETED_DEVICE_FAMILY = "1,2";
				TEST_TARGET_NAME = HowAboutToday;
			};
			name = Release;
		};
/* End XCBuildConfiguration section */

/* Begin XCConfigurationList section */
		754F6D0D27E064B200F2F316 /* Build configuration list for PBXProject "HowAboutToday" */ = {
			isa = XCConfigurationList;
			buildConfigurations = (
				754F6D3427E064B300F2F316 /* Debug */,
				754F6D3527E064B300F2F316 /* Release */,
			);
			defaultConfigurationIsVisible = 0;
			defaultConfigurationName = Release;
		};
		754F6D3627E064B300F2F316 /* Build configuration list for PBXNativeTarget "HowAboutToday" */ = {
			isa = XCConfigurationList;
			buildConfigurations = (
				754F6D3727E064B300F2F316 /* Debug */,
				754F6D3827E064B300F2F316 /* Release */,
			);
			defaultConfigurationIsVisible = 0;
			defaultConfigurationName = Release;
		};
		754F6D3927E064B300F2F316 /* Build configuration list for PBXNativeTarget "HowAboutTodayTests" */ = {
			isa = XCConfigurationList;
			buildConfigurations = (
				754F6D3A27E064B300F2F316 /* Debug */,
				754F6D3B27E064B300F2F316 /* Release */,
			);
			defaultConfigurationIsVisible = 0;
			defaultConfigurationName = Release;
		};
		754F6D3C27E064B300F2F316 /* Build configuration list for PBXNativeTarget "HowAboutTodayUITests" */ = {
			isa = XCConfigurationList;
			buildConfigurations = (
				754F6D3D27E064B300F2F316 /* Debug */,
				754F6D3E27E064B300F2F316 /* Release */,
			);
			defaultConfigurationIsVisible = 0;
			defaultConfigurationName = Release;
		};
/* End XCConfigurationList section */
	};
	rootObject = 754F6D0A27E064B200F2F316 /* Project object */;
}
